
Microsoft Visual Studio Solution File, Format Version 12.00
# Visual Studio 2012
Project("{FAE04EC0-301F-11D3-BF4B-00C04F79EFBC}") = "Kodansha KanjiSearch", "Kodansha KanjiSearch\Kodansha KanjiSearch.csproj", "{ADAC180B-9BF9-46F0-8518-F0C374A85BAC}"
EndProject
Project("{FAE04EC0-301F-11D3-BF4B-00C04F79EFBC}") = "JSON SerDe", "JSON SerDe\JSON SerDe.csproj", "{9487E036-2C40-4AB0-B00A-6F5EE674757C}"
EndProject
Global
	GlobalSection(SolutionConfigurationPlatforms) = preSolution
		Debug|Any CPU = Debug|Any CPU
		Release|Any CPU = Release|Any CPU
	EndGlobalSection
	GlobalSection(ProjectConfigurationPlatforms) = postSolution
		{ADAC180B-9BF9-46F0-8518-F0C374A85BAC}.Debug|Any CPU.ActiveCfg = Debug|Any CPU
		{ADAC180B-9BF9-46F0-8518-F0C374A85BAC}.Debug|Any CPU.Build.0 = Debug|Any CPU
		{ADAC180B-9BF9-46F0-8518-F0C374A85BAC}.Release|Any CPU.ActiveCfg = Release|Any CPU
		{ADAC180B-9BF9-46F0-8518-F0C374A85BAC}.Release|Any CPU.Build.0 = Release|Any CPU
		{9487E036-2C40-4AB0-B00A-6F5EE674757C}.Debug|Any CPU.ActiveCfg = Debug|Any CPU
		{9487E036-2C40-4AB0-B00A-6F5EE674757C}.Debug|Any CPU.Build.0 = Debug|Any CPU
		{9487E036-2C40-4AB0-B00A-6F5EE674757C}.Release|Any CPU.ActiveCfg = Release|Any CPU
		{9487E036-2C40-4AB0-B00A-6F5EE674757C}.Release|Any CPU.Build.0 = Release|Any CPU
	EndGlobalSection
	GlobalSection(SolutionProperties) = preSolution
		HideSolutionNode = FALSE
	EndGlobalSection
EndGlobal
